
Microsoft Visual Studio Solution File, Format Version 12.00
# Visual Studio Version 16
VisualStudioVersion = 16.0.30011.22
MinimumVisualStudioVersion = 10.0.40219.1
Project("{9A19103F-16F7-4668-BE54-9A1E7A4F7556}") = "API", "Lab6\API.csproj", "{A80687EF-FF6A-46E9-901C-61091A1F974A}"
EndProject
Project("{FAE04EC0-301F-11D3-BF4B-00C04F79EFBC}") = "DAL", "DAL\DAL.csproj", "{ECA15C83-7393-4ED3-9518-52E3EBB181F9}"
EndProject
Project("{FAE04EC0-301F-11D3-BF4B-00C04F79EFBC}") = "BLL", "BLL\BLL.csproj", "{B8C430E9-FB10-494C-90F9-B211524BBC4D}"
EndProject
Global
	GlobalSection(SolutionConfigurationPlatforms) = preSolution
		Debug|Any CPU = Debug|Any CPU
		Release|Any CPU = Release|Any CPU
	EndGlobalSection
	GlobalSection(ProjectConfigurationPlatforms) = postSolution
		{A80687EF-FF6A-46E9-901C-61091A1F974A}.Debug|Any CPU.ActiveCfg = Debug|Any CPU
		{A80687EF-FF6A-46E9-901C-61091A1F974A}.Debug|Any CPU.Build.0 = Debug|Any CPU
		{A80687EF-FF6A-46E9-901C-61091A1F974A}.Release|Any CPU.ActiveCfg = Release|Any CPU
		{A80687EF-FF6A-46E9-901C-61091A1F974A}.Release|Any CPU.Build.0 = Release|Any CPU
		{ECA15C83-7393-4ED3-9518-52E3EBB181F9}.Debug|Any CPU.ActiveCfg = Debug|Any CPU
		{ECA15C83-7393-4ED3-9518-52E3EBB181F9}.Debug|Any CPU.Build.0 = Debug|Any CPU
		{ECA15C83-7393-4ED3-9518-52E3EBB181F9}.Release|Any CPU.ActiveCfg = Release|Any CPU
		{ECA15C83-7393-4ED3-9518-52E3EBB181F9}.Release|Any CPU.Build.0 = Release|Any CPU
		{B8C430E9-FB10-494C-90F9-B211524BBC4D}.Debug|Any CPU.ActiveCfg = Debug|Any CPU
		{B8C430E9-FB10-494C-90F9-B211524BBC4D}.Debug|Any CPU.Build.0 = Debug|Any CPU
		{B8C430E9-FB10-494C-90F9-B211524BBC4D}.Release|Any CPU.ActiveCfg = Release|Any CPU
		{B8C430E9-FB10-494C-90F9-B211524BBC4D}.Release|Any CPU.Build.0 = Release|Any CPU
	EndGlobalSection
	GlobalSection(SolutionProperties) = preSolution
		HideSolutionNode = FALSE
	EndGlobalSection
	GlobalSection(ExtensibilityGlobals) = postSolution
		SolutionGuid = {71BDF65A-540A-4340-9C89-CE6A6E8FFA36}
	EndGlobalSection
EndGlobal
